
Microsoft Visual Studio Solution File, Format Version 12.00
# Visual Studio Version 17
VisualStudioVersion = 17.14.36301.6 d17.14
MinimumVisualStudioVersion = 10.0.40219.1
Project("{FAE04EC0-301F-11D3-BF4B-00C04F79EFBC}") = "PracticeApp", "PracticeApp.csproj", "{F3EFD6AC-9B9F-4CA2-8BC5-0B7941A79313}"
EndProject
Global
	GlobalSection(SolutionConfigurationPlatforms) = preSolution
		Debug|Any CPU = Debug|Any CPU
		Release|Any CPU = Release|Any CPU
	EndGlobalSection
	GlobalSection(ProjectConfigurationPlatforms) = postSolution
		{F3EFD6AC-9B9F-4CA2-8BC5-0B7941A79313}.Debug|Any CPU.ActiveCfg = Debug|Any CPU
		{F3EFD6AC-9B9F-4CA2-8BC5-0B7941A79313}.Debug|Any CPU.Build.0 = Debug|Any CPU
		{F3EFD6AC-9B9F-4CA2-8BC5-0B7941A79313}.Release|Any CPU.ActiveCfg = Release|Any CPU
		{F3EFD6AC-9B9F-4CA2-8BC5-0B7941A79313}.Release|Any CPU.Build.0 = Release|Any CPU
	EndGlobalSection
	GlobalSection(SolutionProperties) = preSolution
		HideSolutionNode = FALSE
	EndGlobalSection
	GlobalSection(ExtensibilityGlobals) = postSolution
		SolutionGuid = {5AF0C6E4-DF19-4EDA-8DC6-08B7F13DF8B3}
	EndGlobalSection
EndGlobal
